
Microsoft Visual Studio Solution File, Format Version 12.00
# Visual Studio Version 17
VisualStudioVersion = 17.2.32630.192
MinimumVisualStudioVersion = 10.0.40219.1
Project("{FAE04EC0-301F-11D3-BF4B-00C04F79EFBC}") = "NogMeerOO", "NogMeerOO\NogMeerOO.csproj", "{70E4B0FD-F5DC-4ED9-AB7D-BC26D7A3990A}"
EndProject
Global
	GlobalSection(SolutionConfigurationPlatforms) = preSolution
		Debug|Any CPU = Debug|Any CPU
		Release|Any CPU = Release|Any CPU
	EndGlobalSection
	GlobalSection(ProjectConfigurationPlatforms) = postSolution
		{70E4B0FD-F5DC-4ED9-AB7D-BC26D7A3990A}.Debug|Any CPU.ActiveCfg = Debug|Any CPU
		{70E4B0FD-F5DC-4ED9-AB7D-BC26D7A3990A}.Debug|Any CPU.Build.0 = Debug|Any CPU
		{70E4B0FD-F5DC-4ED9-AB7D-BC26D7A3990A}.Release|Any CPU.ActiveCfg = Release|Any CPU
		{70E4B0FD-F5DC-4ED9-AB7D-BC26D7A3990A}.Release|Any CPU.Build.0 = Release|Any CPU
	EndGlobalSection
	GlobalSection(SolutionProperties) = preSolution
		HideSolutionNode = FALSE
	EndGlobalSection
	GlobalSection(ExtensibilityGlobals) = postSolution
		SolutionGuid = {ABBA6AFE-A3B5-43DA-A9F6-090E6087F81D}
	EndGlobalSection
EndGlobal
