
Microsoft Visual Studio Solution File, Format Version 12.00
# Visual Studio Version 17
VisualStudioVersion = 17.2.32630.192
MinimumVisualStudioVersion = 10.0.40219.1
Project("{FAE04EC0-301F-11D3-BF4B-00C04F79EFBC}") = "Torens", "Torens\Torens.csproj", "{45038B99-B84C-4130-98CC-B72A419B3613}"
EndProject
Global
	GlobalSection(SolutionConfigurationPlatforms) = preSolution
		Debug|Any CPU = Debug|Any CPU
		Release|Any CPU = Release|Any CPU
	EndGlobalSection
	GlobalSection(ProjectConfigurationPlatforms) = postSolution
		{45038B99-B84C-4130-98CC-B72A419B3613}.Debug|Any CPU.ActiveCfg = Debug|Any CPU
		{45038B99-B84C-4130-98CC-B72A419B3613}.Debug|Any CPU.Build.0 = Debug|Any CPU
		{45038B99-B84C-4130-98CC-B72A419B3613}.Release|Any CPU.ActiveCfg = Release|Any CPU
		{45038B99-B84C-4130-98CC-B72A419B3613}.Release|Any CPU.Build.0 = Release|Any CPU
	EndGlobalSection
	GlobalSection(SolutionProperties) = preSolution
		HideSolutionNode = FALSE
	EndGlobalSection
	GlobalSection(ExtensibilityGlobals) = postSolution
		SolutionGuid = {992F7769-0F03-49CE-8721-A0EE821B7754}
	EndGlobalSection
EndGlobal
