
Microsoft Visual Studio Solution File, Format Version 12.00
# Visual Studio Version 17
VisualStudioVersion = 17.2.32630.192
MinimumVisualStudioVersion = 10.0.40219.1
Project("{9A19103F-16F7-4668-BE54-9A1E7A4F7556}") = "InteractieDeel2", "InteractieDeel2\InteractieDeel2.csproj", "{47282C59-3449-43C5-A6F8-3D2AFF37C56D}"
EndProject
Project("{9A19103F-16F7-4668-BE54-9A1E7A4F7556}") = "DeRadio", "DeRadio\DeRadio.csproj", "{2286638C-9CF9-48C1-8808-E37421945D00}"
EndProject
Project("{9A19103F-16F7-4668-BE54-9A1E7A4F7556}") = "Knoppen", "Knoppen\Knoppen.csproj", "{976939CE-9980-4A4D-A370-F1A50EFCCFBE}"
EndProject
Global
	GlobalSection(SolutionConfigurationPlatforms) = preSolution
		Debug|Any CPU = Debug|Any CPU
		Release|Any CPU = Release|Any CPU
	EndGlobalSection
	GlobalSection(ProjectConfigurationPlatforms) = postSolution
		{47282C59-3449-43C5-A6F8-3D2AFF37C56D}.Debug|Any CPU.ActiveCfg = Debug|Any CPU
		{47282C59-3449-43C5-A6F8-3D2AFF37C56D}.Debug|Any CPU.Build.0 = Debug|Any CPU
		{47282C59-3449-43C5-A6F8-3D2AFF37C56D}.Release|Any CPU.ActiveCfg = Release|Any CPU
		{47282C59-3449-43C5-A6F8-3D2AFF37C56D}.Release|Any CPU.Build.0 = Release|Any CPU
		{2286638C-9CF9-48C1-8808-E37421945D00}.Debug|Any CPU.ActiveCfg = Debug|Any CPU
		{2286638C-9CF9-48C1-8808-E37421945D00}.Debug|Any CPU.Build.0 = Debug|Any CPU
		{2286638C-9CF9-48C1-8808-E37421945D00}.Release|Any CPU.ActiveCfg = Release|Any CPU
		{2286638C-9CF9-48C1-8808-E37421945D00}.Release|Any CPU.Build.0 = Release|Any CPU
		{976939CE-9980-4A4D-A370-F1A50EFCCFBE}.Debug|Any CPU.ActiveCfg = Debug|Any CPU
		{976939CE-9980-4A4D-A370-F1A50EFCCFBE}.Debug|Any CPU.Build.0 = Debug|Any CPU
		{976939CE-9980-4A4D-A370-F1A50EFCCFBE}.Release|Any CPU.ActiveCfg = Release|Any CPU
		{976939CE-9980-4A4D-A370-F1A50EFCCFBE}.Release|Any CPU.Build.0 = Release|Any CPU
	EndGlobalSection
	GlobalSection(SolutionProperties) = preSolution
		HideSolutionNode = FALSE
	EndGlobalSection
	GlobalSection(ExtensibilityGlobals) = postSolution
		SolutionGuid = {B49515EC-EBE4-47CF-BB80-A757EA43F401}
	EndGlobalSection
EndGlobal
